
Microsoft Visual Studio Solution File, Format Version 12.00
# Visual Studio Version 17
VisualStudioVersion = 17.13.35931.197 d17.13
MinimumVisualStudioVersion = 10.0.40219.1
Project("{FAE04EC0-301F-11D3-BF4B-00C04F79EFBC}") = "ToeJamAndEarlFirstBatch", "ToeJamAndEarlFirstBatch.csproj", "{285167AA-AE8E-4E33-8A4C-61970603AEE0}"
EndProject
Global
	GlobalSection(SolutionConfigurationPlatforms) = preSolution
		Debug|Any CPU = Debug|Any CPU
		Release|Any CPU = Release|Any CPU
	EndGlobalSection
	GlobalSection(ProjectConfigurationPlatforms) = postSolution
		{285167AA-AE8E-4E33-8A4C-61970603AEE0}.Debug|Any CPU.ActiveCfg = Debug|Any CPU
		{285167AA-AE8E-4E33-8A4C-61970603AEE0}.Debug|Any CPU.Build.0 = Debug|Any CPU
		{285167AA-AE8E-4E33-8A4C-61970603AEE0}.Release|Any CPU.ActiveCfg = Release|Any CPU
		{285167AA-AE8E-4E33-8A4C-61970603AEE0}.Release|Any CPU.Build.0 = Release|Any CPU
	EndGlobalSection
	GlobalSection(SolutionProperties) = preSolution
		HideSolutionNode = FALSE
	EndGlobalSection
	GlobalSection(ExtensibilityGlobals) = postSolution
		SolutionGuid = {5901F3DF-EF57-4E09-8331-B9C454A0E0F6}
	EndGlobalSection
EndGlobal
